
Microsoft Visual Studio Solution File, Format Version 12.00
# Visual Studio Version 17
VisualStudioVersion = 17.8.34309.116
MinimumVisualStudioVersion = 10.0.40219.1
Project("{9A19103F-16F7-4668-BE54-9A1E7A4F7556}") = "Assignment", "Assignment\Assignment.csproj", "{5C32EC1B-EB5E-410E-B294-009471D7F22E}"
EndProject
Project("{FAE04EC0-301F-11D3-BF4B-00C04F79EFBC}") = "Assignment.Tests", "Assignment.Tests\Assignment.Tests.csproj", "{EB069F24-0D01-43B4-A18B-D474F8A54BDF}"
EndProject
Global
	GlobalSection(SolutionConfigurationPlatforms) = preSolution
		Debug|Any CPU = Debug|Any CPU
		Release|Any CPU = Release|Any CPU
	EndGlobalSection
	GlobalSection(ProjectConfigurationPlatforms) = postSolution
		{5C32EC1B-EB5E-410E-B294-009471D7F22E}.Debug|Any CPU.ActiveCfg = Debug|Any CPU
		{5C32EC1B-EB5E-410E-B294-009471D7F22E}.Debug|Any CPU.Build.0 = Debug|Any CPU
		{5C32EC1B-EB5E-410E-B294-009471D7F22E}.Release|Any CPU.ActiveCfg = Release|Any CPU
		{5C32EC1B-EB5E-410E-B294-009471D7F22E}.Release|Any CPU.Build.0 = Release|Any CPU
		{EB069F24-0D01-43B4-A18B-D474F8A54BDF}.Debug|Any CPU.ActiveCfg = Debug|Any CPU
		{EB069F24-0D01-43B4-A18B-D474F8A54BDF}.Debug|Any CPU.Build.0 = Debug|Any CPU
		{EB069F24-0D01-43B4-A18B-D474F8A54BDF}.Release|Any CPU.ActiveCfg = Release|Any CPU
		{EB069F24-0D01-43B4-A18B-D474F8A54BDF}.Release|Any CPU.Build.0 = Release|Any CPU
	EndGlobalSection
	GlobalSection(SolutionProperties) = preSolution
		HideSolutionNode = FALSE
	EndGlobalSection
	GlobalSection(ExtensibilityGlobals) = postSolution
		SolutionGuid = {65B0AD30-39AF-42BA-A7F1-C49E812B8E54}
	EndGlobalSection
EndGlobal
